
Microsoft Visual Studio Solution File, Format Version 12.00
# Visual Studio 15
VisualStudioVersion = 15.0.28307.1209
MinimumVisualStudioVersion = 10.0.40219.1
Project("{2150E333-8FDC-42A3-9474-1A3956D46DE8}") = "common", "common", "{D398EE11-ED13-4A50-A294-5B0E11953F8D}"
EndProject
Project("{2150E333-8FDC-42A3-9474-1A3956D46DE8}") = "hook", "hook", "{6D900E9C-C509-47E9-B952-8F703F147ED8}"
EndProject
Project("{8BC9CEB8-8B4A-11D0-8D11-00A0C91BC942}") = "inject_helper", "src\inject_helper\inject_helper.vcxproj", "{851963FB-5F77-42E8-91D9-34FA62FC366F}"
	ProjectSection(ProjectDependencies) = postProject
		{F52D66A0-6094-44B9-9612-B577D33A994B} = {F52D66A0-6094-44B9-9612-B577D33A994B}
	EndProjectSection
EndProject
Project("{2150E333-8FDC-42A3-9474-1A3956D46DE8}") = "test", "test", "{DA42D032-2708-4A14-B85D-49FEF9FB62C3}"
EndProject
Project("{8BC9CEB8-8B4A-11D0-8D11-00A0C91BC942}") = "test_inject_helper", "src\test\test_inject_helper\test_inject_helper.vcxproj", "{26A31E7B-6828-4E38-B395-C208260AAFE3}"
	ProjectSection(ProjectDependencies) = postProject
		{F52D66A0-6094-44B9-9612-B577D33A994B} = {F52D66A0-6094-44B9-9612-B577D33A994B}
	EndProjectSection
EndProject
Project("{8BC9CEB8-8B4A-11D0-8D11-00A0C91BC942}") = "hook_dll_demo", "src\hook_dll_demo\hook_dll_demo.vcxproj", "{A60367F3-4E80-4031-A054-8F94D93634DD}"
	ProjectSection(ProjectDependencies) = postProject
		{F52D66A0-6094-44B9-9612-B577D33A994B} = {F52D66A0-6094-44B9-9612-B577D33A994B}
	EndProjectSection
EndProject
Project("{8BC9CEB8-8B4A-11D0-8D11-00A0C91BC942}") = "hookLyric", "src\test\hookLyric\hookLyric.vcxproj", "{C9997F4A-7772-4519-99A1-D7FEA3D67365}"
	ProjectSection(ProjectDependencies) = postProject
		{F52D66A0-6094-44B9-9612-B577D33A994B} = {F52D66A0-6094-44B9-9612-B577D33A994B}
	EndProjectSection
EndProject
Project("{8BC9CEB8-8B4A-11D0-8D11-00A0C91BC942}") = "show_lyric_demo", "src\test\show_lyric_demo\show_lyric_demo.vcxproj", "{07C18690-0846-4011-88F1-0742E781F533}"
	ProjectSection(ProjectDependencies) = postProject
		{F52D66A0-6094-44B9-9612-B577D33A994B} = {F52D66A0-6094-44B9-9612-B577D33A994B}
	EndProjectSection
EndProject
Project("{8BC9CEB8-8B4A-11D0-8D11-00A0C91BC942}") = "utils", "src\utils\utils.vcxproj", "{F52D66A0-6094-44B9-9612-B577D33A994B}"
EndProject
Global
	GlobalSection(SolutionConfigurationPlatforms) = preSolution
		Debug|x64 = Debug|x64
		Debug|x86 = Debug|x86
		DebugMT|x64 = DebugMT|x64
		DebugMT|x86 = DebugMT|x86
		Release|x64 = Release|x64
		Release|x86 = Release|x86
		ReleaseMT|x64 = ReleaseMT|x64
		ReleaseMT|x86 = ReleaseMT|x86
	EndGlobalSection
	GlobalSection(ProjectConfigurationPlatforms) = postSolution
		{851963FB-5F77-42E8-91D9-34FA62FC366F}.Debug|x64.ActiveCfg = Debug|x64
		{851963FB-5F77-42E8-91D9-34FA62FC366F}.Debug|x64.Build.0 = Debug|x64
		{851963FB-5F77-42E8-91D9-34FA62FC366F}.Debug|x86.ActiveCfg = Debug|Win32
		{851963FB-5F77-42E8-91D9-34FA62FC366F}.Debug|x86.Build.0 = Debug|Win32
		{851963FB-5F77-42E8-91D9-34FA62FC366F}.DebugMT|x64.ActiveCfg = Debug|x64
		{851963FB-5F77-42E8-91D9-34FA62FC366F}.DebugMT|x64.Build.0 = Debug|x64
		{851963FB-5F77-42E8-91D9-34FA62FC366F}.DebugMT|x86.ActiveCfg = Debug|Win32
		{851963FB-5F77-42E8-91D9-34FA62FC366F}.DebugMT|x86.Build.0 = Debug|Win32
		{851963FB-5F77-42E8-91D9-34FA62FC366F}.Release|x64.ActiveCfg = Release|x64
		{851963FB-5F77-42E8-91D9-34FA62FC366F}.Release|x64.Build.0 = Release|x64
		{851963FB-5F77-42E8-91D9-34FA62FC366F}.Release|x86.ActiveCfg = Release|Win32
		{851963FB-5F77-42E8-91D9-34FA62FC366F}.Release|x86.Build.0 = Release|Win32
		{851963FB-5F77-42E8-91D9-34FA62FC366F}.ReleaseMT|x64.ActiveCfg = Release|x64
		{851963FB-5F77-42E8-91D9-34FA62FC366F}.ReleaseMT|x64.Build.0 = Release|x64
		{851963FB-5F77-42E8-91D9-34FA62FC366F}.ReleaseMT|x86.ActiveCfg = Release|Win32
		{851963FB-5F77-42E8-91D9-34FA62FC366F}.ReleaseMT|x86.Build.0 = Release|Win32
		{26A31E7B-6828-4E38-B395-C208260AAFE3}.Debug|x64.ActiveCfg = Debug|x64
		{26A31E7B-6828-4E38-B395-C208260AAFE3}.Debug|x64.Build.0 = Debug|x64
		{26A31E7B-6828-4E38-B395-C208260AAFE3}.Debug|x86.ActiveCfg = Debug|Win32
		{26A31E7B-6828-4E38-B395-C208260AAFE3}.Debug|x86.Build.0 = Debug|Win32
		{26A31E7B-6828-4E38-B395-C208260AAFE3}.DebugMT|x64.ActiveCfg = Debug|x64
		{26A31E7B-6828-4E38-B395-C208260AAFE3}.DebugMT|x64.Build.0 = Debug|x64
		{26A31E7B-6828-4E38-B395-C208260AAFE3}.DebugMT|x86.ActiveCfg = Debug|Win32
		{26A31E7B-6828-4E38-B395-C208260AAFE3}.DebugMT|x86.Build.0 = Debug|Win32
		{26A31E7B-6828-4E38-B395-C208260AAFE3}.Release|x64.ActiveCfg = Release|x64
		{26A31E7B-6828-4E38-B395-C208260AAFE3}.Release|x64.Build.0 = Release|x64
		{26A31E7B-6828-4E38-B395-C208260AAFE3}.Release|x86.ActiveCfg = Release|Win32
		{26A31E7B-6828-4E38-B395-C208260AAFE3}.Release|x86.Build.0 = Release|Win32
		{26A31E7B-6828-4E38-B395-C208260AAFE3}.ReleaseMT|x64.ActiveCfg = Release|x64
		{26A31E7B-6828-4E38-B395-C208260AAFE3}.ReleaseMT|x64.Build.0 = Release|x64
		{26A31E7B-6828-4E38-B395-C208260AAFE3}.ReleaseMT|x86.ActiveCfg = Release|Win32
		{26A31E7B-6828-4E38-B395-C208260AAFE3}.ReleaseMT|x86.Build.0 = Release|Win32
		{A60367F3-4E80-4031-A054-8F94D93634DD}.Debug|x64.ActiveCfg = Debug|x64
		{A60367F3-4E80-4031-A054-8F94D93634DD}.Debug|x64.Build.0 = Debug|x64
		{A60367F3-4E80-4031-A054-8F94D93634DD}.Debug|x86.ActiveCfg = Debug|Win32
		{A60367F3-4E80-4031-A054-8F94D93634DD}.Debug|x86.Build.0 = Debug|Win32
		{A60367F3-4E80-4031-A054-8F94D93634DD}.DebugMT|x64.ActiveCfg = Debug|x64
		{A60367F3-4E80-4031-A054-8F94D93634DD}.DebugMT|x64.Build.0 = Debug|x64
		{A60367F3-4E80-4031-A054-8F94D93634DD}.DebugMT|x86.ActiveCfg = Debug|Win32
		{A60367F3-4E80-4031-A054-8F94D93634DD}.DebugMT|x86.Build.0 = Debug|Win32
		{A60367F3-4E80-4031-A054-8F94D93634DD}.Release|x64.ActiveCfg = Release|x64
		{A60367F3-4E80-4031-A054-8F94D93634DD}.Release|x64.Build.0 = Release|x64
		{A60367F3-4E80-4031-A054-8F94D93634DD}.Release|x86.ActiveCfg = Release|Win32
		{A60367F3-4E80-4031-A054-8F94D93634DD}.Release|x86.Build.0 = Release|Win32
		{A60367F3-4E80-4031-A054-8F94D93634DD}.ReleaseMT|x64.ActiveCfg = Release|x64
		{A60367F3-4E80-4031-A054-8F94D93634DD}.ReleaseMT|x64.Build.0 = Release|x64
		{A60367F3-4E80-4031-A054-8F94D93634DD}.ReleaseMT|x86.ActiveCfg = Release|Win32
		{A60367F3-4E80-4031-A054-8F94D93634DD}.ReleaseMT|x86.Build.0 = Release|Win32
		{C9997F4A-7772-4519-99A1-D7FEA3D67365}.Debug|x64.ActiveCfg = Debug|x64
		{C9997F4A-7772-4519-99A1-D7FEA3D67365}.Debug|x64.Build.0 = Debug|x64
		{C9997F4A-7772-4519-99A1-D7FEA3D67365}.Debug|x86.ActiveCfg = Debug|Win32
		{C9997F4A-7772-4519-99A1-D7FEA3D67365}.Debug|x86.Build.0 = Debug|Win32
		{C9997F4A-7772-4519-99A1-D7FEA3D67365}.DebugMT|x64.ActiveCfg = Debug|x64
		{C9997F4A-7772-4519-99A1-D7FEA3D67365}.DebugMT|x64.Build.0 = Debug|x64
		{C9997F4A-7772-4519-99A1-D7FEA3D67365}.DebugMT|x86.ActiveCfg = Debug|Win32
		{C9997F4A-7772-4519-99A1-D7FEA3D67365}.DebugMT|x86.Build.0 = Debug|Win32
		{C9997F4A-7772-4519-99A1-D7FEA3D67365}.Release|x64.ActiveCfg = Release|x64
		{C9997F4A-7772-4519-99A1-D7FEA3D67365}.Release|x64.Build.0 = Release|x64
		{C9997F4A-7772-4519-99A1-D7FEA3D67365}.Release|x86.ActiveCfg = Release|Win32
		{C9997F4A-7772-4519-99A1-D7FEA3D67365}.Release|x86.Build.0 = Release|Win32
		{C9997F4A-7772-4519-99A1-D7FEA3D67365}.ReleaseMT|x64.ActiveCfg = Release|x64
		{C9997F4A-7772-4519-99A1-D7FEA3D67365}.ReleaseMT|x64.Build.0 = Release|x64
		{C9997F4A-7772-4519-99A1-D7FEA3D67365}.ReleaseMT|x86.ActiveCfg = Release|Win32
		{C9997F4A-7772-4519-99A1-D7FEA3D67365}.ReleaseMT|x86.Build.0 = Release|Win32
		{07C18690-0846-4011-88F1-0742E781F533}.Debug|x64.ActiveCfg = Debug|x64
		{07C18690-0846-4011-88F1-0742E781F533}.Debug|x64.Build.0 = Debug|x64
		{07C18690-0846-4011-88F1-0742E781F533}.Debug|x86.ActiveCfg = Debug|Win32
		{07C18690-0846-4011-88F1-0742E781F533}.Debug|x86.Build.0 = Debug|Win32
		{07C18690-0846-4011-88F1-0742E781F533}.DebugMT|x64.ActiveCfg = Debug|x64
		{07C18690-0846-4011-88F1-0742E781F533}.DebugMT|x64.Build.0 = Debug|x64
		{07C18690-0846-4011-88F1-0742E781F533}.DebugMT|x86.ActiveCfg = Debug|Win32
		{07C18690-0846-4011-88F1-0742E781F533}.DebugMT|x86.Build.0 = Debug|Win32
		{07C18690-0846-4011-88F1-0742E781F533}.Release|x64.ActiveCfg = Release|x64
		{07C18690-0846-4011-88F1-0742E781F533}.Release|x64.Build.0 = Release|x64
		{07C18690-0846-4011-88F1-0742E781F533}.Release|x86.ActiveCfg = Release|Win32
		{07C18690-0846-4011-88F1-0742E781F533}.Release|x86.Build.0 = Release|Win32
		{07C18690-0846-4011-88F1-0742E781F533}.ReleaseMT|x64.ActiveCfg = Release|x64
		{07C18690-0846-4011-88F1-0742E781F533}.ReleaseMT|x64.Build.0 = Release|x64
		{07C18690-0846-4011-88F1-0742E781F533}.ReleaseMT|x86.ActiveCfg = Release|Win32
		{07C18690-0846-4011-88F1-0742E781F533}.ReleaseMT|x86.Build.0 = Release|Win32
		{F52D66A0-6094-44B9-9612-B577D33A994B}.Debug|x64.ActiveCfg = Debug|x64
		{F52D66A0-6094-44B9-9612-B577D33A994B}.Debug|x64.Build.0 = Debug|x64
		{F52D66A0-6094-44B9-9612-B577D33A994B}.Debug|x86.ActiveCfg = Debug|Win32
		{F52D66A0-6094-44B9-9612-B577D33A994B}.Debug|x86.Build.0 = Debug|Win32
		{F52D66A0-6094-44B9-9612-B577D33A994B}.DebugMT|x64.ActiveCfg = DebugMT|x64
		{F52D66A0-6094-44B9-9612-B577D33A994B}.DebugMT|x64.Build.0 = DebugMT|x64
		{F52D66A0-6094-44B9-9612-B577D33A994B}.DebugMT|x86.ActiveCfg = DebugMT|Win32
		{F52D66A0-6094-44B9-9612-B577D33A994B}.DebugMT|x86.Build.0 = DebugMT|Win32
		{F52D66A0-6094-44B9-9612-B577D33A994B}.Release|x64.ActiveCfg = Release|x64
		{F52D66A0-6094-44B9-9612-B577D33A994B}.Release|x64.Build.0 = Release|x64
		{F52D66A0-6094-44B9-9612-B577D33A994B}.Release|x86.ActiveCfg = Release|Win32
		{F52D66A0-6094-44B9-9612-B577D33A994B}.Release|x86.Build.0 = Release|Win32
		{F52D66A0-6094-44B9-9612-B577D33A994B}.ReleaseMT|x64.ActiveCfg = ReleaseMT|x64
		{F52D66A0-6094-44B9-9612-B577D33A994B}.ReleaseMT|x64.Build.0 = ReleaseMT|x64
		{F52D66A0-6094-44B9-9612-B577D33A994B}.ReleaseMT|x86.ActiveCfg = ReleaseMT|Win32
		{F52D66A0-6094-44B9-9612-B577D33A994B}.ReleaseMT|x86.Build.0 = ReleaseMT|Win32
	EndGlobalSection
	GlobalSection(SolutionProperties) = preSolution
		HideSolutionNode = FALSE
	EndGlobalSection
	GlobalSection(NestedProjects) = preSolution
		{851963FB-5F77-42E8-91D9-34FA62FC366F} = {6D900E9C-C509-47E9-B952-8F703F147ED8}
		{26A31E7B-6828-4E38-B395-C208260AAFE3} = {DA42D032-2708-4A14-B85D-49FEF9FB62C3}
		{A60367F3-4E80-4031-A054-8F94D93634DD} = {6D900E9C-C509-47E9-B952-8F703F147ED8}
		{C9997F4A-7772-4519-99A1-D7FEA3D67365} = {DA42D032-2708-4A14-B85D-49FEF9FB62C3}
		{07C18690-0846-4011-88F1-0742E781F533} = {DA42D032-2708-4A14-B85D-49FEF9FB62C3}
		{F52D66A0-6094-44B9-9612-B577D33A994B} = {D398EE11-ED13-4A50-A294-5B0E11953F8D}
	EndGlobalSection
	GlobalSection(ExtensibilityGlobals) = postSolution
		SolutionGuid = {6BEBA527-E8E3-4CD0-8969-81949D855C73}
	EndGlobalSection
EndGlobal
