<?xml version="1.0" encoding="utf-8"?>
<Project ToolsVersion="4.0" xmlns="http://schemas.microsoft.com/developer/msbuild/2003">
  <ItemGroup>
    <Filter Include="time">
      <UniqueIdentifier>{c4a672da-73b8-4633-a5b6-80eaed504180}</UniqueIdentifier>
    </Filter>
    <Filter Include="threading">
      <UniqueIdentifier>{3598ee5d-5fee-4da8-9812-e9883a4f703e}</UniqueIdentifier>
    </Filter>
    <Filter Include="task">
      <UniqueIdentifier>{9b301b7d-6f2a-478b-89ad-d84d46018500}</UniqueIdentifier>
    </Filter>
    <Filter Include="message_loop">
      <UniqueIdentifier>{856a5aff-44a6-40e1-a9e8-7ce1db3140e1}</UniqueIdentifier>
    </Filter>
    <Filter Include="base">
      <UniqueIdentifier>{56381b39-25ac-4251-ae5a-1e0dc1ea9440}</UniqueIdentifier>
    </Filter>
    <Filter Include="win">
      <UniqueIdentifier>{49ec4174-3c21-4253-bb8d-bfb06e64d65e}</UniqueIdentifier>
    </Filter>
    <Filter Include="memory">
      <UniqueIdentifier>{301dd4c0-ce5a-4467-9c6d-9ab08c1c5f9b}</UniqueIdentifier>
    </Filter>
    <Filter Include="numerics">
      <UniqueIdentifier>{0ed20334-e6f0-44c0-9e68-e420c0282e58}</UniqueIdentifier>
    </Filter>
    <Filter Include="containers">
      <UniqueIdentifier>{fd3717ad-990b-4a5f-a3c9-f3026b66015f}</UniqueIdentifier>
    </Filter>
    <Filter Include="hash">
      <UniqueIdentifier>{bd2c099c-e94e-4910-ac47-4feb366be6de}</UniqueIdentifier>
    </Filter>
    <Filter Include="synchronization">
      <UniqueIdentifier>{04d2c46a-d3f8-4d13-bccb-d88531a0f0cb}</UniqueIdentifier>
    </Filter>
    <Filter Include="strings">
      <UniqueIdentifier>{022b1ccb-aad9-4412-beb2-3a6d069f8fad}</UniqueIdentifier>
    </Filter>
    <Filter Include="json">
      <UniqueIdentifier>{cfb68605-d370-4703-9c99-2e4c01e7522f}</UniqueIdentifier>
    </Filter>
    <Filter Include="third_party">
      <UniqueIdentifier>{f3de0562-096a-4119-a8c3-c55804f5b142}</UniqueIdentifier>
    </Filter>
    <Filter Include="task\common">
      <UniqueIdentifier>{4a089ea3-7189-4beb-bf8a-3e1768a0bbd9}</UniqueIdentifier>
    </Filter>
    <Filter Include="task\sequence_manager">
      <UniqueIdentifier>{cb435bc8-77de-4b3f-8779-9ea204782a1b}</UniqueIdentifier>
    </Filter>
    <Filter Include="task\thread_pool">
      <UniqueIdentifier>{a3ea1fa0-735c-4671-b15f-94055e9441b3}</UniqueIdentifier>
    </Filter>
    <Filter Include="build">
      <UniqueIdentifier>{036f92ad-def0-4a74-b454-5ed2e40add5b}</UniqueIdentifier>
    </Filter>
    <Filter Include="timer">
      <UniqueIdentifier>{d419b135-ac84-46e0-b44f-bc219635feea}</UniqueIdentifier>
    </Filter>
    <Filter Include="third_party\cityhash">
      <UniqueIdentifier>{3da5074f-b737-4be5-9110-aa7400627816}</UniqueIdentifier>
    </Filter>
    <Filter Include="third_party\icu">
      <UniqueIdentifier>{a93a2200-8734-4bbd-a6d9-a43e54bb7d88}</UniqueIdentifier>
    </Filter>
    <Filter Include="third_party\nspr">
      <UniqueIdentifier>{c2d4ff78-5fff-4880-80fb-9d128de83a2d}</UniqueIdentifier>
    </Filter>
  </ItemGroup>
  <ItemGroup>
    <ClCompile Include="base\task\cancelable_task_tracker.cc">
      <Filter>task</Filter>
    </ClCompile>
    <ClCompile Include="base\task\current_thread.cc">
      <Filter>task</Filter>
    </ClCompile>
    <ClCompile Include="base\task\lazy_thread_pool_task_runner.cc">
      <Filter>task</Filter>
    </ClCompile>
    <ClCompile Include="base\task\post_job.cc">
      <Filter>task</Filter>
    </ClCompile>
    <ClCompile Include="base\task\post_task.cc">
      <Filter>task</Filter>
    </ClCompile>
    <ClCompile Include="base\task\scoped_set_task_priority_for_current_thread.cc">
      <Filter>task</Filter>
    </ClCompile>
    <ClCompile Include="base\task\simple_task_executor.cc">
      <Filter>task</Filter>
    </ClCompile>
    <ClCompile Include="base\task\single_thread_task_executor.cc">
      <Filter>task</Filter>
    </ClCompile>
    <ClCompile Include="base\task\task_executor.cc">
      <Filter>task</Filter>
    </ClCompile>
    <ClCompile Include="base\task\task_features.cc">
      <Filter>task</Filter>
    </ClCompile>
    <ClCompile Include="base\task\task_traits.cc">
      <Filter>task</Filter>
    </ClCompile>
    <ClCompile Include="base\task\thread_pool.cc">
      <Filter>task</Filter>
    </ClCompile>
    <ClCompile Include="base\task\common\checked_lock_impl.cc">
      <Filter>task\common</Filter>
    </ClCompile>
    <ClCompile Include="base\task\common\operations_controller.cc">
      <Filter>task\common</Filter>
    </ClCompile>
    <ClCompile Include="base\task\common\scoped_defer_task_posting.cc">
      <Filter>task\common</Filter>
    </ClCompile>
    <ClCompile Include="base\task\common\task_annotator.cc">
      <Filter>task\common</Filter>
    </ClCompile>
    <ClCompile Include="base\task\thread_pool\delayed_task_manager.cc">
      <Filter>task\thread_pool</Filter>
    </ClCompile>
    <ClCompile Include="base\task\thread_pool\environment_config.cc">
      <Filter>task\thread_pool</Filter>
    </ClCompile>
    <ClCompile Include="base\task\thread_pool\initialization_util.cc">
      <Filter>task\thread_pool</Filter>
    </ClCompile>
    <ClCompile Include="base\task\thread_pool\job_task_source.cc">
      <Filter>task\thread_pool</Filter>
    </ClCompile>
    <ClCompile Include="base\task\thread_pool\pooled_parallel_task_runner.cc">
      <Filter>task\thread_pool</Filter>
    </ClCompile>
    <ClCompile Include="base\task\thread_pool\pooled_sequenced_task_runner.cc">
      <Filter>task\thread_pool</Filter>
    </ClCompile>
    <ClCompile Include="base\task\thread_pool\pooled_single_thread_task_runner_manager.cc">
      <Filter>task\thread_pool</Filter>
    </ClCompile>
    <ClCompile Include="base\task\thread_pool\pooled_task_runner_delegate.cc">
      <Filter>task\thread_pool</Filter>
    </ClCompile>
    <ClCompile Include="base\task\thread_pool\priority_queue.cc">
      <Filter>task\thread_pool</Filter>
    </ClCompile>
    <ClCompile Include="base\task\thread_pool\sequence.cc">
      <Filter>task\thread_pool</Filter>
    </ClCompile>
    <ClCompile Include="base\task\thread_pool\sequence_sort_key.cc">
      <Filter>task\thread_pool</Filter>
    </ClCompile>
    <ClCompile Include="base\task\thread_pool\service_thread.cc">
      <Filter>task\thread_pool</Filter>
    </ClCompile>
    <ClCompile Include="base\task\thread_pool\task.cc">
      <Filter>task\thread_pool</Filter>
    </ClCompile>
    <ClCompile Include="base\task\thread_pool\task_source.cc">
      <Filter>task\thread_pool</Filter>
    </ClCompile>
    <ClCompile Include="base\task\thread_pool\thread_group.cc">
      <Filter>task\thread_pool</Filter>
    </ClCompile>
    <ClCompile Include="base\task\thread_pool\thread_group_impl.cc">
      <Filter>task\thread_pool</Filter>
    </ClCompile>
    <ClCompile Include="base\task\thread_pool\thread_group_native.cc">
      <Filter>task\thread_pool</Filter>
    </ClCompile>
    <ClCompile Include="base\task\thread_pool\thread_group_native_win.cc">
      <Filter>task\thread_pool</Filter>
    </ClCompile>
    <ClCompile Include="base\task\thread_pool\thread_pool_impl.cc">
      <Filter>task\thread_pool</Filter>
    </ClCompile>
    <ClCompile Include="base\task\thread_pool\thread_pool_instance.cc">
      <Filter>task\thread_pool</Filter>
    </ClCompile>
    <ClCompile Include="base\task\thread_pool\worker_thread.cc">
      <Filter>task\thread_pool</Filter>
    </ClCompile>
    <ClCompile Include="base\task\thread_pool\worker_thread_stack.cc">
      <Filter>task\thread_pool</Filter>
    </ClCompile>
    <ClCompile Include="base\task\sequence_manager\associated_thread_id.cc">
      <Filter>task\sequence_manager</Filter>
    </ClCompile>
    <ClCompile Include="base\task\sequence_manager\atomic_flag_set.cc">
      <Filter>task\sequence_manager</Filter>
    </ClCompile>
    <ClCompile Include="base\task\sequence_manager\enqueue_order_generator.cc">
      <Filter>task\sequence_manager</Filter>
    </ClCompile>
    <ClCompile Include="base\task\sequence_manager\lazy_now.cc">
      <Filter>task\sequence_manager</Filter>
    </ClCompile>
    <ClCompile Include="base\task\sequence_manager\real_time_domain.cc">
      <Filter>task\sequence_manager</Filter>
    </ClCompile>
    <ClCompile Include="base\task\sequence_manager\sequence_manager.cc">
      <Filter>task\sequence_manager</Filter>
    </ClCompile>
    <ClCompile Include="base\task\sequence_manager\sequence_manager_impl.cc">
      <Filter>task\sequence_manager</Filter>
    </ClCompile>
    <ClCompile Include="base\task\sequence_manager\task_queue.cc">
      <Filter>task\sequence_manager</Filter>
    </ClCompile>
    <ClCompile Include="base\task\sequence_manager\task_queue_impl.cc">
      <Filter>task\sequence_manager</Filter>
    </ClCompile>
    <ClCompile Include="base\task\sequence_manager\task_queue_selector.cc">
      <Filter>task\sequence_manager</Filter>
    </ClCompile>
    <ClCompile Include="base\task\sequence_manager\tasks.cc">
      <Filter>task\sequence_manager</Filter>
    </ClCompile>
    <ClCompile Include="base\task\sequence_manager\thread_controller_impl.cc">
      <Filter>task\sequence_manager</Filter>
    </ClCompile>
    <ClCompile Include="base\task\sequence_manager\thread_controller_with_message_pump_impl.cc">
      <Filter>task\sequence_manager</Filter>
    </ClCompile>
    <ClCompile Include="base\task\sequence_manager\time_domain.cc">
      <Filter>task\sequence_manager</Filter>
    </ClCompile>
    <ClCompile Include="base\task\sequence_manager\work_deduplicator.cc">
      <Filter>task\sequence_manager</Filter>
    </ClCompile>
    <ClCompile Include="base\task\sequence_manager\work_queue.cc">
      <Filter>task\sequence_manager</Filter>
    </ClCompile>
    <ClCompile Include="base\task\sequence_manager\work_queue_sets.cc">
      <Filter>task\sequence_manager</Filter>
    </ClCompile>
    <ClCompile Include="base\threading\hang_watcher.cc">
      <Filter>threading</Filter>
    </ClCompile>
    <ClCompile Include="base\threading\platform_thread.cc">
      <Filter>threading</Filter>
    </ClCompile>
    <ClCompile Include="base\threading\platform_thread_win.cc">
      <Filter>threading</Filter>
    </ClCompile>
    <ClCompile Include="base\threading\post_task_and_reply_impl.cc">
      <Filter>threading</Filter>
    </ClCompile>
    <ClCompile Include="base\threading\scoped_blocking_call.cc">
      <Filter>threading</Filter>
    </ClCompile>
    <ClCompile Include="base\threading\scoped_blocking_call_internal.cc">
      <Filter>threading</Filter>
    </ClCompile>
    <ClCompile Include="base\threading\scoped_thread_priority.cc">
      <Filter>threading</Filter>
    </ClCompile>
    <ClCompile Include="base\threading\sequence_local_storage_map.cc">
      <Filter>threading</Filter>
    </ClCompile>
    <ClCompile Include="base\threading\sequence_local_storage_slot.cc">
      <Filter>threading</Filter>
    </ClCompile>
    <ClCompile Include="base\threading\sequenced_task_runner_handle.cc">
      <Filter>threading</Filter>
    </ClCompile>
    <ClCompile Include="base\threading\simple_thread.cc">
      <Filter>threading</Filter>
    </ClCompile>
    <ClCompile Include="base\threading\thread.cc">
      <Filter>threading</Filter>
    </ClCompile>
    <ClCompile Include="base\threading\thread_checker_impl.cc">
      <Filter>threading</Filter>
    </ClCompile>
    <ClCompile Include="base\threading\thread_collision_warner.cc">
      <Filter>threading</Filter>
    </ClCompile>
    <ClCompile Include="base\threading\thread_id_name_manager.cc">
      <Filter>threading</Filter>
    </ClCompile>
    <ClCompile Include="base\threading\thread_local_storage.cc">
      <Filter>threading</Filter>
    </ClCompile>
    <ClCompile Include="base\threading\thread_local_storage_win.cc">
      <Filter>threading</Filter>
    </ClCompile>
    <ClCompile Include="base\threading\thread_restrictions.cc">
      <Filter>threading</Filter>
    </ClCompile>
    <ClCompile Include="base\threading\thread_task_runner_handle.cc">
      <Filter>threading</Filter>
    </ClCompile>
    <ClCompile Include="base\threading\watchdog.cc">
      <Filter>threading</Filter>
    </ClCompile>
    <ClCompile Include="base\time\clock.cc">
      <Filter>time</Filter>
    </ClCompile>
    <ClCompile Include="base\time\default_clock.cc">
      <Filter>time</Filter>
    </ClCompile>
    <ClCompile Include="base\time\default_tick_clock.cc">
      <Filter>time</Filter>
    </ClCompile>
    <ClCompile Include="base\time\tick_clock.cc">
      <Filter>time</Filter>
    </ClCompile>
    <ClCompile Include="base\time\time.cc">
      <Filter>time</Filter>
    </ClCompile>
    <ClCompile Include="base\time\time_override.cc">
      <Filter>time</Filter>
    </ClCompile>
    <ClCompile Include="base\time\time_win.cc">
      <Filter>time</Filter>
    </ClCompile>
    <ClCompile Include="base\callback_helpers.cc">
      <Filter>base</Filter>
    </ClCompile>
    <ClCompile Include="base\callback_internal.cc">
      <Filter>base</Filter>
    </ClCompile>
    <ClCompile Include="base\memory\ref_counted.cc">
      <Filter>memory</Filter>
    </ClCompile>
    <ClCompile Include="base\memory\weak_ptr.cc">
      <Filter>memory</Filter>
    </ClCompile>
    <ClCompile Include="base\sequence_checker_impl.cc">
      <Filter>base</Filter>
    </ClCompile>
    <ClCompile Include="base\synchronization\atomic_flag.cc">
      <Filter>synchronization</Filter>
    </ClCompile>
    <ClCompile Include="base\location.cc">
      <Filter>base</Filter>
    </ClCompile>
    <ClCompile Include="base\task_runner.cc">
      <Filter>base</Filter>
    </ClCompile>
    <ClCompile Include="base\pending_task.cc">
      <Filter>base</Filter>
    </ClCompile>
    <ClCompile Include="base\sequenced_task_runner.cc">
      <Filter>base</Filter>
    </ClCompile>
    <ClCompile Include="base\synchronization\condition_variable_win.cc">
      <Filter>synchronization</Filter>
    </ClCompile>
    <ClCompile Include="base\synchronization\lock.cc">
      <Filter>synchronization</Filter>
    </ClCompile>
    <ClCompile Include="base\synchronization\lock_impl_win.cc">
      <Filter>synchronization</Filter>
    </ClCompile>
    <ClCompile Include="base\synchronization\waitable_event_watcher_win.cc">
      <Filter>synchronization</Filter>
    </ClCompile>
    <ClCompile Include="base\synchronization\waitable_event_win.cc">
      <Filter>synchronization</Filter>
    </ClCompile>
    <ClCompile Include="base\containers\intrusive_heap.cc">
      <Filter>containers</Filter>
    </ClCompile>
    <ClCompile Include="base\lazy_instance_helpers.cc">
      <Filter>base</Filter>
    </ClCompile>
    <ClCompile Include="base\strings\stringprintf.cc">
      <Filter>strings</Filter>
    </ClCompile>
    <ClCompile Include="base\timer\timer.cc">
      <Filter>timer</Filter>
    </ClCompile>
    <ClCompile Include="base\strings\string_util.cc">
      <Filter>strings</Filter>
    </ClCompile>
    <ClCompile Include="base\strings\string_util_constants.cc">
      <Filter>strings</Filter>
    </ClCompile>
    <ClCompile Include="base\strings\string_util_win.cc">
      <Filter>strings</Filter>
    </ClCompile>
    <ClCompile Include="base\json\json_writer.cc">
      <Filter>json</Filter>
    </ClCompile>
    <ClCompile Include="base\strings\string_piece.cc">
      <Filter>strings</Filter>
    </ClCompile>
    <ClCompile Include="base\win\com_init_check_hook.cc">
      <Filter>win</Filter>
    </ClCompile>
    <ClCompile Include="base\win\scoped_com_initializer.cc">
      <Filter>win</Filter>
    </ClCompile>
    <ClCompile Include="base\win\scoped_winrt_initializer.cc">
      <Filter>win</Filter>
    </ClCompile>
    <ClCompile Include="base\win\windows_version.cc">
      <Filter>win</Filter>
    </ClCompile>
    <ClCompile Include="base\base_switches.cc">
      <Filter>base</Filter>
    </ClCompile>
    <ClCompile Include="base\rand_util.cc">
      <Filter>base</Filter>
    </ClCompile>
    <ClCompile Include="base\rand_util_win.cc">
      <Filter>base</Filter>
    </ClCompile>
    <ClCompile Include="base\run_loop.cc">
      <Filter>base</Filter>
    </ClCompile>
    <ClCompile Include="base\sequence_token.cc">
      <Filter>base</Filter>
    </ClCompile>
    <ClCompile Include="base\observer_list_internal.cc">
      <Filter>base</Filter>
    </ClCompile>
    <ClCompile Include="base\observer_list_threadsafe.cc">
      <Filter>base</Filter>
    </ClCompile>
    <ClCompile Include="base\observer_list_types.cc">
      <Filter>base</Filter>
    </ClCompile>
    <ClCompile Include="base\notreached.cc">
      <Filter>base</Filter>
    </ClCompile>
    <ClCompile Include="base\pickle.cc">
      <Filter>base</Filter>
    </ClCompile>
    <ClCompile Include="base\strings\string_split.cc">
      <Filter>strings</Filter>
    </ClCompile>
    <ClCompile Include="base\strings\string_split_win.cc">
      <Filter>strings</Filter>
    </ClCompile>
    <ClCompile Include="base\at_exit.cc">
      <Filter>base</Filter>
    </ClCompile>
    <ClCompile Include="base\strings\string_number_conversions.cc">
      <Filter>strings</Filter>
    </ClCompile>
    <ClCompile Include="base\strings\string_number_conversions_win.cc">
      <Filter>strings</Filter>
    </ClCompile>
    <ClCompile Include="base\hash\hash.cc">
      <Filter>hash</Filter>
    </ClCompile>
    <ClCompile Include="base\win\event_trace_controller.cc">
      <Filter>win</Filter>
    </ClCompile>
    <ClCompile Include="base\win\event_trace_provider.cc">
      <Filter>win</Filter>
    </ClCompile>
    <ClCompile Include="base\strings\sys_string_conversions_win.cc">
      <Filter>strings</Filter>
    </ClCompile>
    <ClCompile Include="base\strings\utf_string_conversion_utils.cc">
      <Filter>strings</Filter>
    </ClCompile>
    <ClCompile Include="base\strings\utf_string_conversions.cc">
      <Filter>strings</Filter>
    </ClCompile>
    <ClCompile Include="base\scoped_clear_last_error_win.cc">
      <Filter>base</Filter>
    </ClCompile>
    <ClCompile Include="base\third_party\cityhash\city.cc">
      <Filter>third_party\cityhash</Filter>
    </ClCompile>
    <ClCompile Include="base\json\string_escape.cc">
      <Filter>json</Filter>
    </ClCompile>
    <ClCompile Include="base\third_party\icu\icu_utf.cc">
      <Filter>third_party\icu</Filter>
    </ClCompile>
    <ClCompile Include="base\win\scoped_handle.cc">
      <Filter>win</Filter>
    </ClCompile>
    <ClCompile Include="base\win\object_watcher.cc">
      <Filter>win</Filter>
    </ClCompile>
    <ClCompile Include="base\win\com_init_util.cc">
      <Filter>win</Filter>
    </ClCompile>
    <ClCompile Include="base\win\patch_util.cc">
      <Filter>win</Filter>
    </ClCompile>
    <ClCompile Include="base\win\core_winrt_util.cc">
      <Filter>win</Filter>
    </ClCompile>
    <ClCompile Include="base\win\scoped_hstring.cc">
      <Filter>win</Filter>
    </ClCompile>
    <ClCompile Include="base\win\scoped_handle_verifier.cc">
      <Filter>win</Filter>
    </ClCompile>
    <ClCompile Include="base\win\registry.cc">
      <Filter>win</Filter>
    </ClCompile>
    <ClCompile Include="base\message_loop\message_pump.cc">
      <Filter>message_loop</Filter>
    </ClCompile>
    <ClCompile Include="base\message_loop\message_pump_default.cc">
      <Filter>message_loop</Filter>
    </ClCompile>
    <ClCompile Include="base\message_loop\message_pump_win.cc">
      <Filter>message_loop</Filter>
    </ClCompile>
    <ClCompile Include="base\message_loop\work_id_provider.cc">
      <Filter>message_loop</Filter>
    </ClCompile>
    <ClCompile Include="base\win\message_window.cc">
      <Filter>win</Filter>
    </ClCompile>
    <ClCompile Include="base\version.cc">
      <Filter>base</Filter>
    </ClCompile>
    <ClCompile Include="base\value_iterators.cc">
      <Filter>base</Filter>
    </ClCompile>
    <ClCompile Include="base\values.cc">
      <Filter>base</Filter>
    </ClCompile>
    <ClCompile Include="base\task\test_task_traits_extension.cc">
      <Filter>task</Filter>
    </ClCompile>
    <ClCompile Include="base\task\thread_pool\task_tracker.cc">
      <Filter>task\thread_pool</Filter>
    </ClCompile>
    <ClCompile Include="base\third_party\nspr\prtime.cc">
      <Filter>third_party\nspr</Filter>
    </ClCompile>
    <ClCompile Include="base\cpu.cc">
      <Filter>base</Filter>
    </ClCompile>
    <ClCompile Include="base\check.cc">
      <Filter>base</Filter>
    </ClCompile>
    <ClCompile Include="base\check_op.cc">
      <Filter>base</Filter>
    </ClCompile>
  </ItemGroup>
  <ItemGroup>
    <ClInclude Include="base\task\cancelable_task_tracker.h">
      <Filter>task</Filter>
    </ClInclude>
    <ClInclude Include="base\task\current_thread.h">
      <Filter>task</Filter>
    </ClInclude>
    <ClInclude Include="base\task\lazy_thread_pool_task_runner.h">
      <Filter>task</Filter>
    </ClInclude>
    <ClInclude Include="base\task\post_job.h">
      <Filter>task</Filter>
    </ClInclude>
    <ClInclude Include="base\task\post_task.h">
      <Filter>task</Filter>
    </ClInclude>
    <ClInclude Include="base\task\scoped_set_task_priority_for_current_thread.h">
      <Filter>task</Filter>
    </ClInclude>
    <ClInclude Include="base\task\simple_task_executor.h">
      <Filter>task</Filter>
    </ClInclude>
    <ClInclude Include="base\task\single_thread_task_executor.h">
      <Filter>task</Filter>
    </ClInclude>
    <ClInclude Include="base\task\single_thread_task_runner_thread_mode.h">
      <Filter>task</Filter>
    </ClInclude>
    <ClInclude Include="base\task\task_executor.h">
      <Filter>task</Filter>
    </ClInclude>
    <ClInclude Include="base\task\task_features.h">
      <Filter>task</Filter>
    </ClInclude>
    <ClInclude Include="base\task\task_observer.h">
      <Filter>task</Filter>
    </ClInclude>
    <ClInclude Include="base\task\task_traits.h">
      <Filter>task</Filter>
    </ClInclude>
    <ClInclude Include="base\task\task_traits_extension.h">
      <Filter>task</Filter>
    </ClInclude>
    <ClInclude Include="base\task\thread_pool.h">
      <Filter>task</Filter>
    </ClInclude>
    <ClInclude Include="base\task\common\checked_lock.h">
      <Filter>task\common</Filter>
    </ClInclude>
    <ClInclude Include="base\task\common\checked_lock_impl.h">
      <Filter>task\common</Filter>
    </ClInclude>
    <ClInclude Include="base\task\common\intrusive_heap.h">
      <Filter>task\common</Filter>
    </ClInclude>
    <ClInclude Include="base\task\common\operations_controller.h">
      <Filter>task\common</Filter>
    </ClInclude>
    <ClInclude Include="base\task\common\scoped_defer_task_posting.h">
      <Filter>task\common</Filter>
    </ClInclude>
    <ClInclude Include="base\task\common\task_annotator.h">
      <Filter>task\common</Filter>
    </ClInclude>
    <ClInclude Include="base\task\thread_pool\delayed_task_manager.h">
      <Filter>task\thread_pool</Filter>
    </ClInclude>
    <ClInclude Include="base\task\thread_pool\environment_config.h">
      <Filter>task\thread_pool</Filter>
    </ClInclude>
    <ClInclude Include="base\task\thread_pool\initialization_util.h">
      <Filter>task\thread_pool</Filter>
    </ClInclude>
    <ClInclude Include="base\task\thread_pool\job_task_source.h">
      <Filter>task\thread_pool</Filter>
    </ClInclude>
    <ClInclude Include="base\task\thread_pool\pooled_parallel_task_runner.h">
      <Filter>task\thread_pool</Filter>
    </ClInclude>
    <ClInclude Include="base\task\thread_pool\pooled_sequenced_task_runner.h">
      <Filter>task\thread_pool</Filter>
    </ClInclude>
    <ClInclude Include="base\task\thread_pool\pooled_single_thread_task_runner_manager.h">
      <Filter>task\thread_pool</Filter>
    </ClInclude>
    <ClInclude Include="base\task\thread_pool\pooled_task_runner_delegate.h">
      <Filter>task\thread_pool</Filter>
    </ClInclude>
    <ClInclude Include="base\task\thread_pool\priority_queue.h">
      <Filter>task\thread_pool</Filter>
    </ClInclude>
    <ClInclude Include="base\task\thread_pool\sequence.h">
      <Filter>task\thread_pool</Filter>
    </ClInclude>
    <ClInclude Include="base\task\thread_pool\sequence_sort_key.h">
      <Filter>task\thread_pool</Filter>
    </ClInclude>
    <ClInclude Include="base\task\thread_pool\service_thread.h">
      <Filter>task\thread_pool</Filter>
    </ClInclude>
    <ClInclude Include="base\task\thread_pool\task.h">
      <Filter>task\thread_pool</Filter>
    </ClInclude>
    <ClInclude Include="base\task\thread_pool\task_source.h">
      <Filter>task\thread_pool</Filter>
    </ClInclude>
    <ClInclude Include="base\task\thread_pool\thread_group.h">
      <Filter>task\thread_pool</Filter>
    </ClInclude>
    <ClInclude Include="base\task\thread_pool\thread_group_impl.h">
      <Filter>task\thread_pool</Filter>
    </ClInclude>
    <ClInclude Include="base\task\thread_pool\thread_group_native.h">
      <Filter>task\thread_pool</Filter>
    </ClInclude>
    <ClInclude Include="base\task\thread_pool\thread_group_native_win.h">
      <Filter>task\thread_pool</Filter>
    </ClInclude>
    <ClInclude Include="base\task\thread_pool\thread_pool_impl.h">
      <Filter>task\thread_pool</Filter>
    </ClInclude>
    <ClInclude Include="base\task\thread_pool\thread_pool_instance.h">
      <Filter>task\thread_pool</Filter>
    </ClInclude>
    <ClInclude Include="base\task\thread_pool\tracked_ref.h">
      <Filter>task\thread_pool</Filter>
    </ClInclude>
    <ClInclude Include="base\task\thread_pool\worker_thread.h">
      <Filter>task\thread_pool</Filter>
    </ClInclude>
    <ClInclude Include="base\task\thread_pool\worker_thread_observer.h">
      <Filter>task\thread_pool</Filter>
    </ClInclude>
    <ClInclude Include="base\task\thread_pool\worker_thread_stack.h">
      <Filter>task\thread_pool</Filter>
    </ClInclude>
    <ClInclude Include="base\task\sequence_manager\associated_thread_id.h">
      <Filter>task\sequence_manager</Filter>
    </ClInclude>
    <ClInclude Include="base\task\sequence_manager\atomic_flag_set.h">
      <Filter>task\sequence_manager</Filter>
    </ClInclude>
    <ClInclude Include="base\task\sequence_manager\enqueue_order.h">
      <Filter>task\sequence_manager</Filter>
    </ClInclude>
    <ClInclude Include="base\task\sequence_manager\enqueue_order_generator.h">
      <Filter>task\sequence_manager</Filter>
    </ClInclude>
    <ClInclude Include="base\task\sequence_manager\lazily_deallocated_deque.h">
      <Filter>task\sequence_manager</Filter>
    </ClInclude>
    <ClInclude Include="base\task\sequence_manager\lazy_now.h">
      <Filter>task\sequence_manager</Filter>
    </ClInclude>
    <ClInclude Include="base\task\sequence_manager\real_time_domain.h">
      <Filter>task\sequence_manager</Filter>
    </ClInclude>
    <ClInclude Include="base\task\sequence_manager\sequence_manager.h">
      <Filter>task\sequence_manager</Filter>
    </ClInclude>
    <ClInclude Include="base\task\sequence_manager\sequence_manager_impl.h">
      <Filter>task\sequence_manager</Filter>
    </ClInclude>
    <ClInclude Include="base\task\sequence_manager\sequenced_task_source.h">
      <Filter>task\sequence_manager</Filter>
    </ClInclude>
    <ClInclude Include="base\task\sequence_manager\task_queue.h">
      <Filter>task\sequence_manager</Filter>
    </ClInclude>
    <ClInclude Include="base\task\sequence_manager\task_queue_impl.h">
      <Filter>task\sequence_manager</Filter>
    </ClInclude>
    <ClInclude Include="base\task\sequence_manager\task_queue_selector.h">
      <Filter>task\sequence_manager</Filter>
    </ClInclude>
    <ClInclude Include="base\task\sequence_manager\task_queue_selector_logic.h">
      <Filter>task\sequence_manager</Filter>
    </ClInclude>
    <ClInclude Include="base\task\sequence_manager\task_time_observer.h">
      <Filter>task\sequence_manager</Filter>
    </ClInclude>
    <ClInclude Include="base\task\sequence_manager\tasks.h">
      <Filter>task\sequence_manager</Filter>
    </ClInclude>
    <ClInclude Include="base\task\sequence_manager\thread_controller.h">
      <Filter>task\sequence_manager</Filter>
    </ClInclude>
    <ClInclude Include="base\task\sequence_manager\thread_controller_impl.h">
      <Filter>task\sequence_manager</Filter>
    </ClInclude>
    <ClInclude Include="base\task\sequence_manager\thread_controller_with_message_pump_impl.h">
      <Filter>task\sequence_manager</Filter>
    </ClInclude>
    <ClInclude Include="base\task\sequence_manager\time_domain.h">
      <Filter>task\sequence_manager</Filter>
    </ClInclude>
    <ClInclude Include="base\task\sequence_manager\work_deduplicator.h">
      <Filter>task\sequence_manager</Filter>
    </ClInclude>
    <ClInclude Include="base\task\sequence_manager\work_queue.h">
      <Filter>task\sequence_manager</Filter>
    </ClInclude>
    <ClInclude Include="base\task\sequence_manager\work_queue_sets.h">
      <Filter>task\sequence_manager</Filter>
    </ClInclude>
    <ClInclude Include="base\threading\hang_watcher.h">
      <Filter>threading</Filter>
    </ClInclude>
    <ClInclude Include="base\threading\platform_thread.h">
      <Filter>threading</Filter>
    </ClInclude>
    <ClInclude Include="base\threading\platform_thread_win.h">
      <Filter>threading</Filter>
    </ClInclude>
    <ClInclude Include="base\threading\post_task_and_reply_impl.h">
      <Filter>threading</Filter>
    </ClInclude>
    <ClInclude Include="base\threading\scoped_blocking_call.h">
      <Filter>threading</Filter>
    </ClInclude>
    <ClInclude Include="base\threading\scoped_blocking_call_internal.h">
      <Filter>threading</Filter>
    </ClInclude>
    <ClInclude Include="base\threading\scoped_thread_priority.h">
      <Filter>threading</Filter>
    </ClInclude>
    <ClInclude Include="base\threading\sequence_bound.h">
      <Filter>threading</Filter>
    </ClInclude>
    <ClInclude Include="base\threading\sequence_local_storage_map.h">
      <Filter>threading</Filter>
    </ClInclude>
    <ClInclude Include="base\threading\sequence_local_storage_slot.h">
      <Filter>threading</Filter>
    </ClInclude>
    <ClInclude Include="base\threading\sequenced_task_runner_handle.h">
      <Filter>threading</Filter>
    </ClInclude>
    <ClInclude Include="base\threading\simple_thread.h">
      <Filter>threading</Filter>
    </ClInclude>
    <ClInclude Include="base\threading\thread.h">
      <Filter>threading</Filter>
    </ClInclude>
    <ClInclude Include="base\threading\thread_checker.h">
      <Filter>threading</Filter>
    </ClInclude>
    <ClInclude Include="base\threading\thread_checker_impl.h">
      <Filter>threading</Filter>
    </ClInclude>
    <ClInclude Include="base\threading\thread_collision_warner.h">
      <Filter>threading</Filter>
    </ClInclude>
    <ClInclude Include="base\threading\thread_id_name_manager.h">
      <Filter>threading</Filter>
    </ClInclude>
    <ClInclude Include="base\threading\thread_local.h">
      <Filter>threading</Filter>
    </ClInclude>
    <ClInclude Include="base\threading\thread_local_internal.h">
      <Filter>threading</Filter>
    </ClInclude>
    <ClInclude Include="base\threading\thread_local_storage.h">
      <Filter>threading</Filter>
    </ClInclude>
    <ClInclude Include="base\threading\thread_restrictions.h">
      <Filter>threading</Filter>
    </ClInclude>
    <ClInclude Include="base\threading\thread_task_runner_handle.h">
      <Filter>threading</Filter>
    </ClInclude>
    <ClInclude Include="base\threading\watchdog.h">
      <Filter>threading</Filter>
    </ClInclude>
    <ClInclude Include="base\time\clock.h">
      <Filter>time</Filter>
    </ClInclude>
    <ClInclude Include="base\time\default_clock.h">
      <Filter>time</Filter>
    </ClInclude>
    <ClInclude Include="base\time\default_tick_clock.h">
      <Filter>time</Filter>
    </ClInclude>
    <ClInclude Include="base\time\tick_clock.h">
      <Filter>time</Filter>
    </ClInclude>
    <ClInclude Include="base\time\time.h">
      <Filter>time</Filter>
    </ClInclude>
    <ClInclude Include="base\time\time_override.h">
      <Filter>time</Filter>
    </ClInclude>
    <ClInclude Include="base\base_export.h">
      <Filter>base</Filter>
    </ClInclude>
    <ClInclude Include="base\bind.h">
      <Filter>base</Filter>
    </ClInclude>
    <ClInclude Include="base\bind_helpers.h">
      <Filter>base</Filter>
    </ClInclude>
    <ClInclude Include="base\bind_internal.h">
      <Filter>base</Filter>
    </ClInclude>
    <ClInclude Include="base\callback.h">
      <Filter>base</Filter>
    </ClInclude>
    <ClInclude Include="base\callback_forward.h">
      <Filter>base</Filter>
    </ClInclude>
    <ClInclude Include="base\callback_helpers.h">
      <Filter>base</Filter>
    </ClInclude>
    <ClInclude Include="base\callback_internal.h">
      <Filter>base</Filter>
    </ClInclude>
    <ClInclude Include="base\containers\small_map.h">
      <Filter>containers</Filter>
    </ClInclude>
    <ClInclude Include="base\memory\ref_counted.h">
      <Filter>memory</Filter>
    </ClInclude>
    <ClInclude Include="base\memory\weak_ptr.h">
      <Filter>memory</Filter>
    </ClInclude>
    <ClInclude Include="base\macros.h">
      <Filter>base</Filter>
    </ClInclude>
    <ClInclude Include="base\post_task_and_reply_with_result_internal.h">
      <Filter>base</Filter>
    </ClInclude>
    <ClInclude Include="base\sequence_checker.h">
      <Filter>base</Filter>
    </ClInclude>
    <ClInclude Include="base\sequence_checker_impl.h">
      <Filter>base</Filter>
    </ClInclude>
    <ClInclude Include="base\synchronization\atomic_flag.h">
      <Filter>synchronization</Filter>
    </ClInclude>
    <ClInclude Include="base\location.h">
      <Filter>base</Filter>
    </ClInclude>
    <ClInclude Include="base\task_runner.h">
      <Filter>base</Filter>
    </ClInclude>
    <ClInclude Include="base\task_runner_util.h">
      <Filter>base</Filter>
    </ClInclude>
    <ClInclude Include="base\template_util.h">
      <Filter>base</Filter>
    </ClInclude>
    <ClInclude Include="base\thread_annotations.h">
      <Filter>base</Filter>
    </ClInclude>
    <ClInclude Include="base\pending_task.h">
      <Filter>base</Filter>
    </ClInclude>
    <ClInclude Include="base\sequenced_task_runner.h">
      <Filter>base</Filter>
    </ClInclude>
    <ClInclude Include="base\sequenced_task_runner_helpers.h">
      <Filter>base</Filter>
    </ClInclude>
    <ClInclude Include="base\single_thread_task_runner.h">
      <Filter>base</Filter>
    </ClInclude>
    <ClInclude Include="build\build_config.h">
      <Filter>build</Filter>
    </ClInclude>
    <ClInclude Include="base\no_destructor.h">
      <Filter>base</Filter>
    </ClInclude>
    <ClInclude Include="base\atomicops.h">
      <Filter>base</Filter>
    </ClInclude>
    <ClInclude Include="base\compiler_specific.h">
      <Filter>base</Filter>
    </ClInclude>
    <ClInclude Include="base\synchronization\condition_variable.h">
      <Filter>synchronization</Filter>
    </ClInclude>
    <ClInclude Include="base\synchronization\lock.h">
      <Filter>synchronization</Filter>
    </ClInclude>
    <ClInclude Include="base\synchronization\lock_impl.h">
      <Filter>synchronization</Filter>
    </ClInclude>
    <ClInclude Include="base\synchronization\waitable_event.h">
      <Filter>synchronization</Filter>
    </ClInclude>
    <ClInclude Include="base\synchronization\waitable_event_watcher.h">
      <Filter>synchronization</Filter>
    </ClInclude>
    <ClInclude Include="base\containers\intrusive_heap.h">
      <Filter>containers</Filter>
    </ClInclude>
    <ClInclude Include="base\memory\ptr_util.h">
      <Filter>memory</Filter>
    </ClInclude>
    <ClInclude Include="base\memory\scoped_refptr.h">
      <Filter>memory</Filter>
    </ClInclude>
    <ClInclude Include="base\lazy_instance.h">
      <Filter>base</Filter>
    </ClInclude>
    <ClInclude Include="base\lazy_instance_helpers.h">
      <Filter>base</Filter>
    </ClInclude>
    <ClInclude Include="base\optional.h">
      <Filter>base</Filter>
    </ClInclude>
    <ClInclude Include="base\traits_bag.h">
      <Filter>base</Filter>
    </ClInclude>
    <ClInclude Include="base\updateable_sequenced_task_runner.h">
      <Filter>base</Filter>
    </ClInclude>
    <ClInclude Include="base\numerics\ranges.h">
      <Filter>numerics</Filter>
    </ClInclude>
    <ClInclude Include="base\numerics\safe_conversions.h">
      <Filter>numerics</Filter>
    </ClInclude>
    <ClInclude Include="base\numerics\safe_conversions_impl.h">
      <Filter>numerics</Filter>
    </ClInclude>
    <ClInclude Include="base\numerics\safe_math.h">
      <Filter>numerics</Filter>
    </ClInclude>
    <ClInclude Include="base\containers\flat_map.h">
      <Filter>containers</Filter>
    </ClInclude>
    <ClInclude Include="base\containers\flat_set.h">
      <Filter>containers</Filter>
    </ClInclude>
    <ClInclude Include="base\containers\flat_tree.h">
      <Filter>containers</Filter>
    </ClInclude>
    <ClInclude Include="base\strings\stringprintf.h">
      <Filter>strings</Filter>
    </ClInclude>
    <ClInclude Include="base\containers\queue.h">
      <Filter>containers</Filter>
    </ClInclude>
    <ClInclude Include="base\timer\timer.h">
      <Filter>timer</Filter>
    </ClInclude>
    <ClInclude Include="base\strings\string_util.h">
      <Filter>strings</Filter>
    </ClInclude>
    <ClInclude Include="base\strings\string_util_internal.h">
      <Filter>strings</Filter>
    </ClInclude>
    <ClInclude Include="base\strings\string_util_win.h">
      <Filter>strings</Filter>
    </ClInclude>
    <ClInclude Include="base\json\json_writer.h">
      <Filter>json</Filter>
    </ClInclude>
    <ClInclude Include="base\strings\string_piece.h">
      <Filter>strings</Filter>
    </ClInclude>
    <ClInclude Include="base\strings\string_piece_forward.h">
      <Filter>strings</Filter>
    </ClInclude>
    <ClInclude Include="base\win\com_init_check_hook.h">
      <Filter>win</Filter>
    </ClInclude>
    <ClInclude Include="base\win\scoped_com_initializer.h">
      <Filter>win</Filter>
    </ClInclude>
    <ClInclude Include="base\win\scoped_winrt_initializer.h">
      <Filter>win</Filter>
    </ClInclude>
    <ClInclude Include="base\win\windows_types.h">
      <Filter>win</Filter>
    </ClInclude>
    <ClInclude Include="base\win\windows_version.h">
      <Filter>win</Filter>
    </ClInclude>
    <ClInclude Include="base\win\scoped_windows_thread_environment.h">
      <Filter>win</Filter>
    </ClInclude>
    <ClInclude Include="base\containers\stack_container.h">
      <Filter>containers</Filter>
    </ClInclude>
    <ClInclude Include="base\numerics\checked_math.h">
      <Filter>numerics</Filter>
    </ClInclude>
    <ClInclude Include="base\numerics\checked_math_impl.h">
      <Filter>numerics</Filter>
    </ClInclude>
    <ClInclude Include="base\numerics\clamped_math.h">
      <Filter>numerics</Filter>
    </ClInclude>
    <ClInclude Include="base\numerics\clamped_math_impl.h">
      <Filter>numerics</Filter>
    </ClInclude>
    <ClInclude Include="base\numerics\math_constants.h">
      <Filter>numerics</Filter>
    </ClInclude>
    <ClInclude Include="base\atomic_sequence_num.h">
      <Filter>base</Filter>
    </ClInclude>
    <ClInclude Include="base\auto_reset.h">
      <Filter>base</Filter>
    </ClInclude>
    <ClInclude Include="base\base_switches.h">
      <Filter>base</Filter>
    </ClInclude>
    <ClInclude Include="base\bit_cast.h">
      <Filter>base</Filter>
    </ClInclude>
    <ClInclude Include="base\bits.h">
      <Filter>base</Filter>
    </ClInclude>
    <ClInclude Include="base\critical_closure.h">
      <Filter>base</Filter>
    </ClInclude>
    <ClInclude Include="base\rand_util.h">
      <Filter>base</Filter>
    </ClInclude>
    <ClInclude Include="base\run_loop.h">
      <Filter>base</Filter>
    </ClInclude>
    <ClInclude Include="base\sequence_token.h">
      <Filter>base</Filter>
    </ClInclude>
    <ClInclude Include="base\stl_util.h">
      <Filter>base</Filter>
    </ClInclude>
    <ClInclude Include="base\containers\stack.h">
      <Filter>containers</Filter>
    </ClInclude>
    <ClInclude Include="base\containers\circular_deque.h">
      <Filter>containers</Filter>
    </ClInclude>
    <ClInclude Include="base\atomic_ref_count.h">
      <Filter>base</Filter>
    </ClInclude>
    <ClInclude Include="base\cancelable_callback.h">
      <Filter>base</Filter>
    </ClInclude>
    <ClInclude Include="base\observer_list.h">
      <Filter>base</Filter>
    </ClInclude>
    <ClInclude Include="base\observer_list_internal.h">
      <Filter>base</Filter>
    </ClInclude>
    <ClInclude Include="base\observer_list_threadsafe.h">
      <Filter>base</Filter>
    </ClInclude>
    <ClInclude Include="base\observer_list_types.h">
      <Filter>base</Filter>
    </ClInclude>
    <ClInclude Include="base\notreached.h">
      <Filter>base</Filter>
    </ClInclude>
    <ClInclude Include="base\dcheck_is_on.h">
      <Filter>base</Filter>
    </ClInclude>
    <ClInclude Include="base\immediate_crash.h">
      <Filter>base</Filter>
    </ClInclude>
    <ClInclude Include="base\pickle.h">
      <Filter>base</Filter>
    </ClInclude>
    <ClInclude Include="base\strings\string_split.h">
      <Filter>strings</Filter>
    </ClInclude>
    <ClInclude Include="base\strings\string_split_internal.h">
      <Filter>strings</Filter>
    </ClInclude>
    <ClInclude Include="base\strings\string_split_win.h">
      <Filter>strings</Filter>
    </ClInclude>
    <ClInclude Include="base\at_exit.h">
      <Filter>base</Filter>
    </ClInclude>
    <ClInclude Include="base\strings\string_number_conversions.h">
      <Filter>strings</Filter>
    </ClInclude>
    <ClInclude Include="base\strings\string_number_conversions_internal.h">
      <Filter>strings</Filter>
    </ClInclude>
    <ClInclude Include="base\strings\string_number_conversions_win.h">
      <Filter>strings</Filter>
    </ClInclude>
    <ClInclude Include="base\hash\hash.h">
      <Filter>hash</Filter>
    </ClInclude>
    <ClInclude Include="base\memory\raw_scoped_refptr_mismatch_checker.h">
      <Filter>memory</Filter>
    </ClInclude>
    <ClInclude Include="base\memory\singleton.h">
      <Filter>memory</Filter>
    </ClInclude>
    <ClInclude Include="base\win\event_trace_consumer.h">
      <Filter>win</Filter>
    </ClInclude>
    <ClInclude Include="base\win\event_trace_controller.h">
      <Filter>win</Filter>
    </ClInclude>
    <ClInclude Include="base\win\event_trace_provider.h">
      <Filter>win</Filter>
    </ClInclude>
    <ClInclude Include="base\containers\linked_list.h">
      <Filter>containers</Filter>
    </ClInclude>
    <ClInclude Include="base\containers\span.h">
      <Filter>containers</Filter>
    </ClInclude>
    <ClInclude Include="base\strings\sys_string_conversions.h">
      <Filter>strings</Filter>
    </ClInclude>
    <ClInclude Include="base\strings\utf_string_conversion_utils.h">
      <Filter>strings</Filter>
    </ClInclude>
    <ClInclude Include="base\strings\utf_string_conversions.h">
      <Filter>strings</Filter>
    </ClInclude>
    <ClInclude Include="base\parameter_pack.h">
      <Filter>base</Filter>
    </ClInclude>
    <ClInclude Include="base\scoped_clear_last_error.h">
      <Filter>base</Filter>
    </ClInclude>
    <ClInclude Include="base\containers\checked_iterators.h">
      <Filter>containers</Filter>
    </ClInclude>
    <ClInclude Include="base\containers\checked_range.h">
      <Filter>containers</Filter>
    </ClInclude>
    <ClInclude Include="base\containers\vector_buffer.h">
      <Filter>containers</Filter>
    </ClInclude>
    <ClInclude Include="base\containers\util.h">
      <Filter>containers</Filter>
    </ClInclude>
    <ClInclude Include="base\third_party\cityhash\city.h">
      <Filter>third_party\cityhash</Filter>
    </ClInclude>
    <ClInclude Include="base\json\string_escape.h">
      <Filter>json</Filter>
    </ClInclude>
    <ClInclude Include="base\json\json_common.h">
      <Filter>json</Filter>
    </ClInclude>
    <ClInclude Include="base\third_party\icu\icu_utf.h">
      <Filter>third_party\icu</Filter>
    </ClInclude>
    <ClInclude Include="base\strings\char_traits.h">
      <Filter>strings</Filter>
    </ClInclude>
    <ClInclude Include="base\win\scoped_handle.h">
      <Filter>win</Filter>
    </ClInclude>
    <ClInclude Include="base\win\object_watcher.h">
      <Filter>win</Filter>
    </ClInclude>
    <ClInclude Include="base\numerics\safe_math_shared_impl.h">
      <Filter>numerics</Filter>
    </ClInclude>
    <ClInclude Include="base\win\com_init_util.h">
      <Filter>win</Filter>
    </ClInclude>
    <ClInclude Include="base\win\patch_util.h">
      <Filter>win</Filter>
    </ClInclude>
    <ClInclude Include="base\win\core_winrt_util.h">
      <Filter>win</Filter>
    </ClInclude>
    <ClInclude Include="base\win\scoped_hstring.h">
      <Filter>win</Filter>
    </ClInclude>
    <ClInclude Include="base\win\scoped_handle_verifier.h">
      <Filter>win</Filter>
    </ClInclude>
    <ClInclude Include="base\win\current_module.h">
      <Filter>win</Filter>
    </ClInclude>
    <ClInclude Include="base\scoped_generic.h">
      <Filter>base</Filter>
    </ClInclude>
    <ClInclude Include="base\win\registry.h">
      <Filter>win</Filter>
    </ClInclude>
    <ClInclude Include="base\win\shlwapi.h">
      <Filter>win</Filter>
    </ClInclude>
    <ClInclude Include="base\message_loop\message_pump.h">
      <Filter>message_loop</Filter>
    </ClInclude>
    <ClInclude Include="base\message_loop\message_pump_default.h">
      <Filter>message_loop</Filter>
    </ClInclude>
    <ClInclude Include="base\message_loop\message_pump_for_io.h">
      <Filter>message_loop</Filter>
    </ClInclude>
    <ClInclude Include="base\message_loop\message_pump_for_ui.h">
      <Filter>message_loop</Filter>
    </ClInclude>
    <ClInclude Include="base\message_loop\message_pump_type.h">
      <Filter>message_loop</Filter>
    </ClInclude>
    <ClInclude Include="base\message_loop\message_pump_win.h">
      <Filter>message_loop</Filter>
    </ClInclude>
    <ClInclude Include="base\message_loop\timer_slack.h">
      <Filter>message_loop</Filter>
    </ClInclude>
    <ClInclude Include="base\message_loop\work_id_provider.h">
      <Filter>message_loop</Filter>
    </ClInclude>
    <ClInclude Include="base\win\message_window.h">
      <Filter>win</Filter>
    </ClInclude>
    <ClInclude Include="base\atomicops_internals_portable.h">
      <Filter>base</Filter>
    </ClInclude>
    <ClInclude Include="base\atomicops_internals_x86_msvc.h">
      <Filter>base</Filter>
    </ClInclude>
    <ClInclude Include="base\version.h">
      <Filter>base</Filter>
    </ClInclude>
    <ClInclude Include="base\check.h">
      <Filter>base</Filter>
    </ClInclude>
    <ClInclude Include="base\check_op.h">
      <Filter>base</Filter>
    </ClInclude>
    <ClInclude Include="base\value_iterators.h">
      <Filter>base</Filter>
    </ClInclude>
    <ClInclude Include="base\values.h">
      <Filter>base</Filter>
    </ClInclude>
    <ClInclude Include="base\task\test_task_traits_extension.h">
      <Filter>task</Filter>
    </ClInclude>
    <ClInclude Include="base\task\thread_pool\task_tracker.h">
      <Filter>task\thread_pool</Filter>
    </ClInclude>
    <ClInclude Include="base\third_party\nspr\prtime.h">
      <Filter>third_party\nspr</Filter>
    </ClInclude>
    <ClInclude Include="base\cpu.h">
      <Filter>base</Filter>
    </ClInclude>
  </ItemGroup>
  <ItemGroup>
    <None Include="base\win\windows_defines.inc">
      <Filter>win</Filter>
    </None>
    <None Include="base\win\windows_undefines.inc">
      <Filter>win</Filter>
    </None>
  </ItemGroup>
</Project>