<?xml version="1.0" encoding="utf-8"?>
<Project ToolsVersion="4.0" xmlns="http://schemas.microsoft.com/developer/msbuild/2003">
  <ItemGroup>
    <Filter Include="process">
      <UniqueIdentifier>{d0122888-5330-4417-bbeb-5f6409e191bf}</UniqueIdentifier>
    </Filter>
    <Filter Include="hook">
      <UniqueIdentifier>{1ea5acc2-bd17-4203-94fc-8c94495a0cf9}</UniqueIdentifier>
    </Filter>
    <Filter Include="system">
      <UniqueIdentifier>{3f7b1e56-f4b0-4d1d-9e68-aeaf296a9465}</UniqueIdentifier>
    </Filter>
    <Filter Include="path">
      <UniqueIdentifier>{f14eb311-a141-4a60-b9c7-ca5da134e885}</UniqueIdentifier>
    </Filter>
    <Filter Include="stringex">
      <UniqueIdentifier>{bf943436-0773-4f40-a8e3-b4884735dc88}</UniqueIdentifier>
    </Filter>
    <Filter Include="hook\detour">
      <UniqueIdentifier>{29ea9549-df16-484d-8981-36c31166e99f}</UniqueIdentifier>
    </Filter>
    <Filter Include="base">
      <UniqueIdentifier>{0e71f16f-c426-4bd4-b136-11ab067dbcda}</UniqueIdentifier>
    </Filter>
    <Filter Include="registry">
      <UniqueIdentifier>{7dbf7719-cb8b-4dff-90e3-3677ab31594a}</UniqueIdentifier>
    </Filter>
    <Filter Include="wnd">
      <UniqueIdentifier>{e3ff9f7c-d8b5-4cc7-bc4a-d76e77625e2f}</UniqueIdentifier>
    </Filter>
    <Filter Include="container">
      <UniqueIdentifier>{4e806526-11c6-4981-a11f-fc1a78b9ded7}</UniqueIdentifier>
    </Filter>
    <Filter Include="observer">
      <UniqueIdentifier>{a170058b-9b2b-4d62-acb3-229bae9ab0ca}</UniqueIdentifier>
    </Filter>
    <Filter Include="smart_ptr">
      <UniqueIdentifier>{90aff256-e08d-4dc8-8455-48609d30ebeb}</UniqueIdentifier>
    </Filter>
    <Filter Include="thread_local">
      <UniqueIdentifier>{8a11050d-6440-40d7-90ed-7b420462c8e7}</UniqueIdentifier>
    </Filter>
    <Filter Include="sync">
      <UniqueIdentifier>{af13ce94-321a-4710-a448-1ad7fbb48382}</UniqueIdentifier>
    </Filter>
  </ItemGroup>
  <ItemGroup>
    <ClInclude Include="include\hook.h">
      <Filter>hook</Filter>
    </ClInclude>
    <ClInclude Include="include\system.h">
      <Filter>system</Filter>
    </ClInclude>
    <ClInclude Include="include\path.h">
      <Filter>path</Filter>
    </ClInclude>
    <ClInclude Include="include\stringex.h">
      <Filter>stringex</Filter>
    </ClInclude>
    <ClInclude Include="icu_utf.h">
      <Filter>stringex</Filter>
    </ClInclude>
    <ClInclude Include="detour\detours.h">
      <Filter>hook\detour</Filter>
    </ClInclude>
    <ClInclude Include="detour\detver.h">
      <Filter>hook\detour</Filter>
    </ClInclude>
    <ClInclude Include="include\proc.h">
      <Filter>process</Filter>
    </ClInclude>
    <ClInclude Include="include\macros.h">
      <Filter>base</Filter>
    </ClInclude>
    <ClInclude Include="include\registry.h">
      <Filter>registry</Filter>
    </ClInclude>
    <ClInclude Include="include\wnd.h">
      <Filter>wnd</Filter>
    </ClInclude>
    <ClInclude Include="include\circular_deque.h">
      <Filter>container</Filter>
    </ClInclude>
    <ClInclude Include="include\container.h">
      <Filter>container</Filter>
    </ClInclude>
    <ClInclude Include="include\vector_buffer.h">
      <Filter>container</Filter>
    </ClInclude>
    <ClInclude Include="include\observer.h">
      <Filter>observer</Filter>
    </ClInclude>
    <ClInclude Include="include\weak_ptr.h">
      <Filter>smart_ptr</Filter>
    </ClInclude>
    <ClInclude Include="include\ref_counted.h">
      <Filter>smart_ptr</Filter>
    </ClInclude>
    <ClInclude Include="include\scoped_refptr.h">
      <Filter>smart_ptr</Filter>
    </ClInclude>
    <ClInclude Include="include\atomic_ref_count.h">
      <Filter>smart_ptr</Filter>
    </ClInclude>
    <ClInclude Include="include\atomic_flag.h">
      <Filter>smart_ptr</Filter>
    </ClInclude>
    <ClInclude Include="include\linked_list.h">
      <Filter>container</Filter>
    </ClInclude>
    <ClInclude Include="include\thread_local.h">
      <Filter>thread_local</Filter>
    </ClInclude>
    <ClInclude Include="include\thread_local_storage.h">
      <Filter>thread_local</Filter>
    </ClInclude>
    <ClInclude Include="include\lock.h">
      <Filter>sync</Filter>
    </ClInclude>
    <ClInclude Include="include\lock_impl.h">
      <Filter>sync</Filter>
    </ClInclude>
    <ClInclude Include="include\stl_util.h">
      <Filter>container</Filter>
    </ClInclude>
    <ClInclude Include="include\waitable_event.h">
      <Filter>sync</Filter>
    </ClInclude>
    <ClInclude Include="include\span.h">
      <Filter>container</Filter>
    </ClInclude>
    <ClInclude Include="include\condition_variable.h">
      <Filter>sync</Filter>
    </ClInclude>
    <ClInclude Include="include\atomic_sequence_num.h">
      <Filter>sync</Filter>
    </ClInclude>
    <ClInclude Include="include\scoped_com_initializer.h">
      <Filter>system</Filter>
    </ClInclude>
    <ClInclude Include="include\intrusive_heap.h">
      <Filter>container</Filter>
    </ClInclude>
    <ClInclude Include="include\small_map.h">
      <Filter>container</Filter>
    </ClInclude>
  </ItemGroup>
  <ItemGroup>
    <ClCompile Include="hook.cpp">
      <Filter>hook</Filter>
    </ClCompile>
    <ClCompile Include="system.cpp">
      <Filter>system</Filter>
    </ClCompile>
    <ClCompile Include="path.cpp">
      <Filter>path</Filter>
    </ClCompile>
    <ClCompile Include="stringex.cpp">
      <Filter>stringex</Filter>
    </ClCompile>
    <ClCompile Include="icu_utf.cpp">
      <Filter>stringex</Filter>
    </ClCompile>
    <ClCompile Include="detour\creatwth.cpp">
      <Filter>hook\detour</Filter>
    </ClCompile>
    <ClCompile Include="detour\detours.cpp">
      <Filter>hook\detour</Filter>
    </ClCompile>
    <ClCompile Include="detour\disasm.cpp">
      <Filter>hook\detour</Filter>
    </ClCompile>
    <ClCompile Include="detour\disolx64.cpp">
      <Filter>hook\detour</Filter>
    </ClCompile>
    <ClCompile Include="detour\disolx86.cpp">
      <Filter>hook\detour</Filter>
    </ClCompile>
    <ClCompile Include="detour\image.cpp">
      <Filter>hook\detour</Filter>
    </ClCompile>
    <ClCompile Include="detour\modules.cpp">
      <Filter>hook\detour</Filter>
    </ClCompile>
    <ClCompile Include="proc.cpp">
      <Filter>process</Filter>
    </ClCompile>
    <ClCompile Include="registry.cpp">
      <Filter>registry</Filter>
    </ClCompile>
    <ClCompile Include="wnd.cpp">
      <Filter>wnd</Filter>
    </ClCompile>
    <ClCompile Include="observer.cpp">
      <Filter>observer</Filter>
    </ClCompile>
    <ClCompile Include="weak_ptr.cpp">
      <Filter>smart_ptr</Filter>
    </ClCompile>
    <ClCompile Include="ref_counted.cpp">
      <Filter>smart_ptr</Filter>
    </ClCompile>
    <ClCompile Include="atomic_flag.cpp">
      <Filter>smart_ptr</Filter>
    </ClCompile>
    <ClCompile Include="thread_local_storage.cpp">
      <Filter>thread_local</Filter>
    </ClCompile>
    <ClCompile Include="lock_impl.cpp">
      <Filter>sync</Filter>
    </ClCompile>
    <ClCompile Include="waitable_event.cpp">
      <Filter>sync</Filter>
    </ClCompile>
    <ClCompile Include="condition_variable.cpp">
      <Filter>sync</Filter>
    </ClCompile>
    <ClCompile Include="scoped_com_initializer.cpp">
      <Filter>system</Filter>
    </ClCompile>
    <ClCompile Include="intrusive_heap.cpp">
      <Filter>container</Filter>
    </ClCompile>
  </ItemGroup>
</Project>